
Microsoft Visual Studio Solution File, Format Version 12.00
# Visual Studio 15
VisualStudioVersion = 15.0.27130.2024
MinimumVisualStudioVersion = 10.0.40219.1
Project("{FAE04EC0-301F-11D3-BF4B-00C04F79EFBC}") = "KryptonTreeView Examples 2019", "KryptonTreeView Examples\KryptonTreeView Examples 2019.csproj", "{F52C6F54-67E8-4713-85DD-1E05116CCDB8}"
EndProject
Project("{FAE04EC0-301F-11D3-BF4B-00C04F79EFBC}") = "Test Text Clipping 2019", "Test Text Clipping\Test Text Clipping 2019.csproj", "{9497EDA8-5D49-4708-825D-FA52C6FDB962}"
EndProject
Project("{FAE04EC0-301F-11D3-BF4B-00C04F79EFBC}") = "Test Clip Base 2019", "Test Clip Base\Test Clip Base 2019.csproj", "{F67C205D-71D9-43A8-B582-83A675F8EF3A}"
EndProject
Project("{FAE04EC0-301F-11D3-BF4B-00C04F79EFBC}") = "Test MessageBox Clipping 2019", "Test MessageBox Clipping\Test MessageBox Clipping 2019.csproj", "{5F031B1D-9C9F-495E-9B77-BC6E4913D010}"
EndProject
Project("{FAE04EC0-301F-11D3-BF4B-00C04F79EFBC}") = "SystemThemedForms 2019", "SystemThemedForms\SystemThemedForms 2019.csproj", "{AC741E98-AA1D-4167-BCC4-16FE7A029D66}"
EndProject
Global
	GlobalSection(SolutionConfigurationPlatforms) = preSolution
		Debug|Any CPU = Debug|Any CPU
		Debug|Mixed Platforms = Debug|Mixed Platforms
		Debug|x86 = Debug|x86
		Release|Any CPU = Release|Any CPU
		Release|Mixed Platforms = Release|Mixed Platforms
		Release|x86 = Release|x86
	EndGlobalSection
	GlobalSection(ProjectConfigurationPlatforms) = postSolution
		{F52C6F54-67E8-4713-85DD-1E05116CCDB8}.Debug|Any CPU.ActiveCfg = Debug|x86
		{F52C6F54-67E8-4713-85DD-1E05116CCDB8}.Debug|Mixed Platforms.ActiveCfg = Debug|x86
		{F52C6F54-67E8-4713-85DD-1E05116CCDB8}.Debug|Mixed Platforms.Build.0 = Debug|x86
		{F52C6F54-67E8-4713-85DD-1E05116CCDB8}.Debug|x86.ActiveCfg = Debug|x86
		{F52C6F54-67E8-4713-85DD-1E05116CCDB8}.Debug|x86.Build.0 = Debug|x86
		{F52C6F54-67E8-4713-85DD-1E05116CCDB8}.Release|Any CPU.ActiveCfg = Release|x86
		{F52C6F54-67E8-4713-85DD-1E05116CCDB8}.Release|Mixed Platforms.ActiveCfg = Release|x86
		{F52C6F54-67E8-4713-85DD-1E05116CCDB8}.Release|Mixed Platforms.Build.0 = Release|x86
		{F52C6F54-67E8-4713-85DD-1E05116CCDB8}.Release|x86.ActiveCfg = Release|x86
		{F52C6F54-67E8-4713-85DD-1E05116CCDB8}.Release|x86.Build.0 = Release|x86
		{9497EDA8-5D49-4708-825D-FA52C6FDB962}.Debug|Any CPU.ActiveCfg = Debug|Any CPU
		{9497EDA8-5D49-4708-825D-FA52C6FDB962}.Debug|Any CPU.Build.0 = Debug|Any CPU
		{9497EDA8-5D49-4708-825D-FA52C6FDB962}.Debug|Mixed Platforms.ActiveCfg = Debug|Any CPU
		{9497EDA8-5D49-4708-825D-FA52C6FDB962}.Debug|Mixed Platforms.Build.0 = Debug|Any CPU
		{9497EDA8-5D49-4708-825D-FA52C6FDB962}.Debug|x86.ActiveCfg = Debug|Any CPU
		{9497EDA8-5D49-4708-825D-FA52C6FDB962}.Debug|x86.Build.0 = Debug|Any CPU
		{9497EDA8-5D49-4708-825D-FA52C6FDB962}.Release|Any CPU.ActiveCfg = Release|Any CPU
		{9497EDA8-5D49-4708-825D-FA52C6FDB962}.Release|Any CPU.Build.0 = Release|Any CPU
		{9497EDA8-5D49-4708-825D-FA52C6FDB962}.Release|Mixed Platforms.ActiveCfg = Release|Any CPU
		{9497EDA8-5D49-4708-825D-FA52C6FDB962}.Release|Mixed Platforms.Build.0 = Release|Any CPU
		{9497EDA8-5D49-4708-825D-FA52C6FDB962}.Release|x86.ActiveCfg = Release|Any CPU
		{9497EDA8-5D49-4708-825D-FA52C6FDB962}.Release|x86.Build.0 = Release|Any CPU
		{F67C205D-71D9-43A8-B582-83A675F8EF3A}.Debug|Any CPU.ActiveCfg = Debug|Any CPU
		{F67C205D-71D9-43A8-B582-83A675F8EF3A}.Debug|Any CPU.Build.0 = Debug|Any CPU
		{F67C205D-71D9-43A8-B582-83A675F8EF3A}.Debug|Mixed Platforms.ActiveCfg = Debug|Any CPU
		{F67C205D-71D9-43A8-B582-83A675F8EF3A}.Debug|Mixed Platforms.Build.0 = Debug|Any CPU
		{F67C205D-71D9-43A8-B582-83A675F8EF3A}.Debug|x86.ActiveCfg = Debug|Any CPU
		{F67C205D-71D9-43A8-B582-83A675F8EF3A}.Debug|x86.Build.0 = Debug|Any CPU
		{F67C205D-71D9-43A8-B582-83A675F8EF3A}.Release|Any CPU.ActiveCfg = Release|Any CPU
		{F67C205D-71D9-43A8-B582-83A675F8EF3A}.Release|Any CPU.Build.0 = Release|Any CPU
		{F67C205D-71D9-43A8-B582-83A675F8EF3A}.Release|Mixed Platforms.ActiveCfg = Release|Any CPU
		{F67C205D-71D9-43A8-B582-83A675F8EF3A}.Release|Mixed Platforms.Build.0 = Release|Any CPU
		{F67C205D-71D9-43A8-B582-83A675F8EF3A}.Release|x86.ActiveCfg = Release|Any CPU
		{F67C205D-71D9-43A8-B582-83A675F8EF3A}.Release|x86.Build.0 = Release|Any CPU
		{5F031B1D-9C9F-495E-9B77-BC6E4913D010}.Debug|Any CPU.ActiveCfg = Debug|Any CPU
		{5F031B1D-9C9F-495E-9B77-BC6E4913D010}.Debug|Any CPU.Build.0 = Debug|Any CPU
		{5F031B1D-9C9F-495E-9B77-BC6E4913D010}.Debug|Mixed Platforms.ActiveCfg = Debug|Any CPU
		{5F031B1D-9C9F-495E-9B77-BC6E4913D010}.Debug|Mixed Platforms.Build.0 = Debug|Any CPU
		{5F031B1D-9C9F-495E-9B77-BC6E4913D010}.Debug|x86.ActiveCfg = Debug|Any CPU
		{5F031B1D-9C9F-495E-9B77-BC6E4913D010}.Debug|x86.Build.0 = Debug|Any CPU
		{5F031B1D-9C9F-495E-9B77-BC6E4913D010}.Release|Any CPU.ActiveCfg = Release|Any CPU
		{5F031B1D-9C9F-495E-9B77-BC6E4913D010}.Release|Any CPU.Build.0 = Release|Any CPU
		{5F031B1D-9C9F-495E-9B77-BC6E4913D010}.Release|Mixed Platforms.ActiveCfg = Release|Any CPU
		{5F031B1D-9C9F-495E-9B77-BC6E4913D010}.Release|Mixed Platforms.Build.0 = Release|Any CPU
		{5F031B1D-9C9F-495E-9B77-BC6E4913D010}.Release|x86.ActiveCfg = Release|Any CPU
		{5F031B1D-9C9F-495E-9B77-BC6E4913D010}.Release|x86.Build.0 = Release|Any CPU
		{AC741E98-AA1D-4167-BCC4-16FE7A029D66}.Debug|Any CPU.ActiveCfg = Debug|Any CPU
		{AC741E98-AA1D-4167-BCC4-16FE7A029D66}.Debug|Any CPU.Build.0 = Debug|Any CPU
		{AC741E98-AA1D-4167-BCC4-16FE7A029D66}.Debug|Mixed Platforms.ActiveCfg = Debug|Any CPU
		{AC741E98-AA1D-4167-BCC4-16FE7A029D66}.Debug|Mixed Platforms.Build.0 = Debug|Any CPU
		{AC741E98-AA1D-4167-BCC4-16FE7A029D66}.Debug|x86.ActiveCfg = Debug|Any CPU
		{AC741E98-AA1D-4167-BCC4-16FE7A029D66}.Debug|x86.Build.0 = Debug|Any CPU
		{AC741E98-AA1D-4167-BCC4-16FE7A029D66}.Release|Any CPU.ActiveCfg = Release|Any CPU
		{AC741E98-AA1D-4167-BCC4-16FE7A029D66}.Release|Any CPU.Build.0 = Release|Any CPU
		{AC741E98-AA1D-4167-BCC4-16FE7A029D66}.Release|Mixed Platforms.ActiveCfg = Release|Any CPU
		{AC741E98-AA1D-4167-BCC4-16FE7A029D66}.Release|Mixed Platforms.Build.0 = Release|Any CPU
		{AC741E98-AA1D-4167-BCC4-16FE7A029D66}.Release|x86.ActiveCfg = Release|Any CPU
		{AC741E98-AA1D-4167-BCC4-16FE7A029D66}.Release|x86.Build.0 = Release|Any CPU
	EndGlobalSection
	GlobalSection(SolutionProperties) = preSolution
		HideSolutionNode = FALSE
	EndGlobalSection
	GlobalSection(ExtensibilityGlobals) = postSolution
		SolutionGuid = {E3CE900F-0F7C-4C4E-AC3B-5897DC6CD539}
	EndGlobalSection
EndGlobal
