
Microsoft Visual Studio Solution File, Format Version 12.00
# Visual Studio 15
VisualStudioVersion = 15.0.27413.0
MinimumVisualStudioVersion = 10.0.40219.1
Project("{FAE04EC0-301F-11D3-BF4B-00C04F79EFBC}") = "Palette Designer", "Palette Designer.csproj", "{17DF3E17-DE0E-45F8-ACF7-06C7F255A8B3}"
EndProject
Global
	GlobalSection(SolutionConfigurationPlatforms) = preSolution
		Debug x64|Any CPU = Debug x64|Any CPU
		Debug x64|x64 = Debug x64|x64
		Debug|Any CPU = Debug|Any CPU
		Debug|x64 = Debug|x64
		Release|Any CPU = Release|Any CPU
		Release|x64 = Release|x64
		ReleaseCS|Any CPU = ReleaseCS|Any CPU
		ReleaseCS|x64 = ReleaseCS|x64
	EndGlobalSection
	GlobalSection(ProjectConfigurationPlatforms) = postSolution
		{17DF3E17-DE0E-45F8-ACF7-06C7F255A8B3}.Debug x64|Any CPU.ActiveCfg = Debug x64|Any CPU
		{17DF3E17-DE0E-45F8-ACF7-06C7F255A8B3}.Debug x64|Any CPU.Build.0 = Debug x64|Any CPU
		{17DF3E17-DE0E-45F8-ACF7-06C7F255A8B3}.Debug x64|x64.ActiveCfg = Debug x64|x64
		{17DF3E17-DE0E-45F8-ACF7-06C7F255A8B3}.Debug x64|x64.Build.0 = Debug x64|x64
		{17DF3E17-DE0E-45F8-ACF7-06C7F255A8B3}.Debug|Any CPU.ActiveCfg = Debug|Any CPU
		{17DF3E17-DE0E-45F8-ACF7-06C7F255A8B3}.Debug|Any CPU.Build.0 = Debug|Any CPU
		{17DF3E17-DE0E-45F8-ACF7-06C7F255A8B3}.Debug|x64.ActiveCfg = Debug|x64
		{17DF3E17-DE0E-45F8-ACF7-06C7F255A8B3}.Debug|x64.Build.0 = Debug|x64
		{17DF3E17-DE0E-45F8-ACF7-06C7F255A8B3}.Release|Any CPU.ActiveCfg = Release|Any CPU
		{17DF3E17-DE0E-45F8-ACF7-06C7F255A8B3}.Release|Any CPU.Build.0 = Release|Any CPU
		{17DF3E17-DE0E-45F8-ACF7-06C7F255A8B3}.Release|x64.ActiveCfg = Release|x64
		{17DF3E17-DE0E-45F8-ACF7-06C7F255A8B3}.Release|x64.Build.0 = Release|x64
		{17DF3E17-DE0E-45F8-ACF7-06C7F255A8B3}.ReleaseCS|Any CPU.ActiveCfg = ReleaseCS|Any CPU
		{17DF3E17-DE0E-45F8-ACF7-06C7F255A8B3}.ReleaseCS|Any CPU.Build.0 = ReleaseCS|Any CPU
		{17DF3E17-DE0E-45F8-ACF7-06C7F255A8B3}.ReleaseCS|x64.ActiveCfg = ReleaseCS|x64
		{17DF3E17-DE0E-45F8-ACF7-06C7F255A8B3}.ReleaseCS|x64.Build.0 = ReleaseCS|x64
	EndGlobalSection
	GlobalSection(SolutionProperties) = preSolution
		HideSolutionNode = FALSE
	EndGlobalSection
	GlobalSection(ExtensibilityGlobals) = postSolution
		SolutionGuid = {ECDAEE8D-605B-4F06-9C39-F2C634A84597}
	EndGlobalSection
EndGlobal
